{
  "lockfileVersion": 1,
  "configVersion": 1,
  "workspaces": {
    "": {
      "name": "@nps-fonts/monorepo",
      "dependencies": {
        "@stacksjs/ts-png": "https://registry.pantry.dev/@stacksjs/ts-png@15dffef",
        "@stacksjs/ts-svg": "https://registry.pantry.dev/@stacksjs/ts-svg@2940b3d",
        "ts-fonts": "https://registry.pantry.dev/ts-fonts@86f9b09",
      },
      "devDependencies": {
        "@types/bun": "latest",
        "typescript": "^5.6.0",
      },
    },
    "packages/all": {
      "name": "@nps-fonts/all",
      "version": "0.0.1",
      "dependencies": {
        "@nps-fonts/campmate-script": "0.0.0",
        "@nps-fonts/nps-2026": "0.0.0",
        "@nps-fonts/nps-symbols": "0.0.0",
        "@nps-fonts/redwood-serif": "0.0.0",
        "@nps-fonts/sequoia-sans": "0.0.0",
        "@nps-fonts/switchback": "0.0.0",
      },
    },
    "packages/campmate-script": {
      "name": "@nps-fonts/campmate-script",
      "version": "0.0.1",
    },
    "packages/nps-2026": {
      "name": "@nps-fonts/nps-2026",
      "version": "0.0.1",
    },
    "packages/nps-symbols": {
      "name": "@nps-fonts/nps-symbols",
      "version": "0.0.1",
    },
    "packages/redwood-serif": {
      "name": "@nps-fonts/redwood-serif",
      "version": "0.0.1",
    },
    "packages/sequoia-sans": {
      "name": "@nps-fonts/sequoia-sans",
      "version": "0.0.1",
    },
    "packages/switchback": {
      "name": "@nps-fonts/switchback",
      "version": "0.0.1",
    },
  },
  "packages": {
    "@nps-fonts/all": ["@nps-fonts/all@workspace:packages/all"],

    "@nps-fonts/campmate-script": ["@nps-fonts/campmate-script@workspace:packages/campmate-script"],

    "@nps-fonts/nps-2026": ["@nps-fonts/nps-2026@workspace:packages/nps-2026"],

    "@nps-fonts/nps-symbols": ["@nps-fonts/nps-symbols@workspace:packages/nps-symbols"],

    "@nps-fonts/redwood-serif": ["@nps-fonts/redwood-serif@workspace:packages/redwood-serif"],

    "@nps-fonts/sequoia-sans": ["@nps-fonts/sequoia-sans@workspace:packages/sequoia-sans"],

    "@nps-fonts/switchback": ["@nps-fonts/switchback@workspace:packages/switchback"],

    "@stacksjs/clapp": ["@stacksjs/clapp@0.2.8", "", {}, "sha512-AhCULtEybj53GsllLHwMVMm74PN9USYp5oNbohYeBZme/NBLwSmUNLVSEu5NKBaIgligRXB6Bw1Q34ObUsKNfw=="],

    "@stacksjs/clarity": ["@stacksjs/clarity@0.3.28", "", { "dependencies": { "bunfig": "^0.15.6" }, "bin": { "clarity": "./dist/bin/cli.js" } }, "sha512-SElzGeDewEbp0c4C8PTfdvi/Xtr1HGAjG6b0prHvkVxyYGM+2R0BFU0otUmy+DbR7wsfZ4rNU3YN1+JK/CzoTw=="],

    "@stacksjs/ts-css": ["@stacksjs/ts-css@0.1.0", "", { "dependencies": { "bunfig": "^0.15.6" }, "bin": { "ts-css": "./dist/bin/cli.js" } }, "sha512-373WvzZeXdqwi6lRwyfr05r3KOtbo4QXWPhmoGFI6NSa5ZcUEiyYJGL2KsV9mfQNTsBp+0q3wPnj1EQ/1zuieg=="],

    "@stacksjs/ts-png": ["@stacksjs/ts-png@https://registry.pantry.dev/@stacksjs/ts-png@15dffef", {}, "sha512-acjsusHIg60U/FsEulpIvqA0JsnR00O3zFI/hLkAm9YPfT63KcaNcgQLJK2C3sLM9GZG9LkaOF9WtkafS54RtQ=="],

    "@stacksjs/ts-svg": ["@stacksjs/ts-svg@https://registry.pantry.dev/@stacksjs/ts-svg@2940b3d", { "dependencies": { "@stacksjs/ts-css": "^0.1.0", "@stacksjs/ts-png": "^0.1.2" }, "bin": { "svg": "./dist/cli.js" } }, "sha512-tWZj2N21NV3YQPr7z4m5gi90ge9HIXSwjBlLdof/sVK6cSI+5CAZ7++6a2lm4xY6U6TIoWLRMfalXnf3KnawvQ=="],

    "@types/bun": ["@types/bun@1.3.12", "", { "dependencies": { "bun-types": "1.3.12" } }, "sha512-DBv81elK+/VSwXHDlnH3Qduw+KxkTIWi7TXkAeh24zpi5l0B2kUg9Ga3tb4nJaPcOFswflgi/yAvMVBPrxMB+A=="],

    "@types/node": ["@types/node@25.6.0", "", { "dependencies": { "undici-types": "~7.19.0" } }, "sha512-+qIYRKdNYJwY3vRCZMdJbPLJAtGjQBudzZzdzwQYkEPQd+PJGixUL5QfvCLDaULoLv+RhT3LDkwEfKaAkgSmNQ=="],

    "bun-types": ["bun-types@1.3.12", "", { "dependencies": { "@types/node": "*" } }, "sha512-HqOLj5PoFajAQciOMRiIZGNoKxDJSr6qigAttOX40vJuSp6DN/CxWp9s3C1Xwm4oH7ybueITwiaOcWXoYVoRkA=="],

    "bunfig": ["bunfig@0.15.13", "", { "dependencies": { "@stacksjs/clapp": "^0.2.0", "@stacksjs/clarity": "^0.3.24" }, "bin": { "bunfig": "./bin/cli.js" } }, "sha512-8LP53R9iJd70zbr2HT5lZE/3d0t2hgF/HW+0xAd57Uwzv4wFP/e7UU6WYtHNUH5M7BPB95WFol791tGOxdTcPg=="],

    "ts-fonts": ["ts-fonts@https://registry.pantry.dev/ts-fonts@86f9b09", { "bin": { "bin-name": "./dist/bin/cli.js" } }, "sha512-zpkeoED5mfJNcYk5519U2bhFscU5SKWlQCiOQNrtx5EenyAKDjOCdQehWYkG2fa5w0R0DQhHE+PvqIhLxR73Rg=="],

    "typescript": ["typescript@5.9.3", "", { "bin": { "tsc": "bin/tsc", "tsserver": "bin/tsserver" } }, "sha512-jl1vZzPDinLr9eUt3J/t7V6FgNEw9QjvBPdysz9KfQDD41fQrC2Y4vKQdiaUpFT4bXlb1RHhLpp8wtm6M5TgSw=="],

    "undici-types": ["undici-types@7.19.2", "", {}, "sha512-qYVnV5OEm2AW8cJMCpdV20CDyaN3g0AjDlOGf1OW4iaDEx8MwdtChUp4zu4H0VP3nDRF/8RKWH+IPp9uW0YGZg=="],

    "@stacksjs/ts-svg/@stacksjs/ts-png": ["@stacksjs/ts-png@0.1.2", "", {}, "sha512-NT9AVCAlZiOMzcBH+OlAAUAbfTzakm/6Ibp5S31JInrpTDd+Qe3arEfatPLuMasFR9tyO+NMAFsF84MT6TK1vA=="],
  }
}
